
Microsoft Visual Studio Solution File, Format Version 12.00
# Visual Studio Version 17
VisualStudioVersion = 17.13.35825.156 d17.13
MinimumVisualStudioVersion = 10.0.40219.1
Project("{FAE04EC0-301F-11D3-BF4B-00C04F79EFBC}") = "atividade_06", "atividade_06\atividade_06.csproj", "{B97C11A9-08DD-4B9E-B914-9DC7FB7D85CE}"
EndProject
Global
	GlobalSection(SolutionConfigurationPlatforms) = preSolution
		Debug|Any CPU = Debug|Any CPU
		Release|Any CPU = Release|Any CPU
	EndGlobalSection
	GlobalSection(ProjectConfigurationPlatforms) = postSolution
		{B97C11A9-08DD-4B9E-B914-9DC7FB7D85CE}.Debug|Any CPU.ActiveCfg = Debug|Any CPU
		{B97C11A9-08DD-4B9E-B914-9DC7FB7D85CE}.Debug|Any CPU.Build.0 = Debug|Any CPU
		{B97C11A9-08DD-4B9E-B914-9DC7FB7D85CE}.Release|Any CPU.ActiveCfg = Release|Any CPU
		{B97C11A9-08DD-4B9E-B914-9DC7FB7D85CE}.Release|Any CPU.Build.0 = Release|Any CPU
	EndGlobalSection
	GlobalSection(SolutionProperties) = preSolution
		HideSolutionNode = FALSE
	EndGlobalSection
	GlobalSection(ExtensibilityGlobals) = postSolution
		SolutionGuid = {DD070C92-580F-4478-B8DB-534716655130}
	EndGlobalSection
EndGlobal
